
Microsoft Visual Studio Solution File, Format Version 12.00
# Visual Studio Version 17
VisualStudioVersion = 17.10.35122.118
MinimumVisualStudioVersion = 10.0.40219.1
Project("{FAE04EC0-301F-11D3-BF4B-00C04F79EFBC}") = "FallingPictureWindowsForms", "FallingPictureWindowsForms\FallingPictureWindowsForms.csproj", "{6A28D63D-00DA-406F-9603-6F5A482D0911}"
EndProject
Global
	GlobalSection(SolutionConfigurationPlatforms) = preSolution
		Debug|Any CPU = Debug|Any CPU
		Release|Any CPU = Release|Any CPU
	EndGlobalSection
	GlobalSection(ProjectConfigurationPlatforms) = postSolution
		{6A28D63D-00DA-406F-9603-6F5A482D0911}.Debug|Any CPU.ActiveCfg = Debug|Any CPU
		{6A28D63D-00DA-406F-9603-6F5A482D0911}.Debug|Any CPU.Build.0 = Debug|Any CPU
		{6A28D63D-00DA-406F-9603-6F5A482D0911}.Release|Any CPU.ActiveCfg = Release|Any CPU
		{6A28D63D-00DA-406F-9603-6F5A482D0911}.Release|Any CPU.Build.0 = Release|Any CPU
	EndGlobalSection
	GlobalSection(SolutionProperties) = preSolution
		HideSolutionNode = FALSE
	EndGlobalSection
	GlobalSection(ExtensibilityGlobals) = postSolution
		SolutionGuid = {C84083E6-1C69-4203-A4BE-1F3628A02348}
	EndGlobalSection
EndGlobal
